{
  "originHash" : "8e26837ec0ee1ae00a060bdbfcd3fce6cf70fcb97863f58d5ea8e6a68e5cc2f8",
  "pins" : [
    {
      "identity" : "generative-ai-swift",
      "kind" : "remoteSourceControl",
      "location" : "https://github.com/google/generative-ai-swift",
      "state" : {
        "revision" : "44b8ce120425f9cf53ca756f3434ca2c2696f8bd",
        "version" : "0.5.6"
      }
    },
    {
      "identity" : "swiftlintplugins",
      "kind" : "remoteSourceControl",
      "location" : "https://github.com/SimplyDanny/SwiftLintPlugins",
      "state" : {
        "revision" : "ecafb5b056cb7995324f0d310a61f30661d00cad",
        "version" : "0.62.2"
      }
    }
  ],
  "version" : 3
}
